{
  "lockfileVersion": 1,
  "configVersion": 1,
  "workspaces": {
    "": {
      "name": "@compify/sandpack-client",
      "dependencies": {
        "dequal": "^2.0.2",
        "mime-db": "^1.52.0",
        "outvariant": "1.4.0",
        "static-browser-server": "1.0.3",
      },
      "devDependencies": {
        "@types/mime-db": "^1.43.1",
      },
    },
  },
  "packages": {
    "@open-draft/deferred-promise": ["@open-draft/deferred-promise@2.2.0", "", {}, "sha512-CecwLWx3rhxVQF6V4bAgPS5t+So2sTbPgAzafKkVizyi7tlwpcFpdFqq+wqF2OwNBmqFuu6tOyouTuxgpMfzmA=="],

    "@types/mime-db": ["@types/mime-db@1.43.6", "", {}, "sha512-r2cqxAt/Eo5yWBOQie1lyM1JZFCiORa5xtLlhSZI0w8RJggBPKw8c4g/fgQCzWydaDR5bL4imnmix2d1n52iBw=="],

    "dequal": ["dequal@2.0.3", "", {}, "sha512-0je+qPKHEMohvfRTCEo3CrPG6cAzAYgmzKyxRiYSSDkS6eGJdyVJm7WaYA5ECaAD9wLB2T4EEeymA5aFVcYXCA=="],

    "dotenv": ["dotenv@16.6.1", "", {}, "sha512-uBq4egWHTcTt33a72vpSG0z3HnPuIl6NqYcTrKEg2azoEyl2hpW0zqlxysq2pK9HlDIHyHyakeYaYnSAwd8bow=="],

    "mime-db": ["mime-db@1.54.0", "", {}, "sha512-aU5EJuIN2WDemCcAp2vFBfp/m4EAhWJnUNSSw0ixs7/kXbd6Pg64EmwJkNdFhB8aWt1sH2CTXrLxo/iAGV3oPQ=="],

    "outvariant": ["outvariant@1.4.0", "", {}, "sha512-AlWY719RF02ujitly7Kk/0QlV+pXGFDHrHf9O2OKqyqgBieaPOIeuSkL8sRK6j2WK+/ZAURq2kZsY0d8JapUiw=="],

    "static-browser-server": ["static-browser-server@1.0.3", "", { "dependencies": { "@open-draft/deferred-promise": "^2.1.0", "dotenv": "^16.0.3", "mime-db": "^1.52.0", "outvariant": "^1.3.0" } }, "sha512-ZUyfgGDdFRbZGGJQ1YhiM930Yczz5VlbJObrQLlk24+qNHVQx4OlLcYswEUo3bIyNAbQUIUR9Yr5/Hqjzqb4zA=="],
  }
}
